
Microsoft Visual Studio Solution File, Format Version 12.00
# Visual Studio Version 17
VisualStudioVersion = 17.12.35707.178 d17.12
MinimumVisualStudioVersion = 10.0.40219.1
Project("{FAE04EC0-301F-11D3-BF4B-00C04F79EFBC}") = "Web_MVC_EFB4", "Web_MVC_EFB4.csproj", "{18B5E085-8223-445C-B337-432B7A677394}"
EndProject
Global
	GlobalSection(SolutionConfigurationPlatforms) = preSolution
		Debug|Any CPU = Debug|Any CPU
		Release|Any CPU = Release|Any CPU
	EndGlobalSection
	GlobalSection(ProjectConfigurationPlatforms) = postSolution
		{18B5E085-8223-445C-B337-432B7A677394}.Debug|Any CPU.ActiveCfg = Debug|Any CPU
		{18B5E085-8223-445C-B337-432B7A677394}.Debug|Any CPU.Build.0 = Debug|Any CPU
		{18B5E085-8223-445C-B337-432B7A677394}.Release|Any CPU.ActiveCfg = Release|Any CPU
		{18B5E085-8223-445C-B337-432B7A677394}.Release|Any CPU.Build.0 = Release|Any CPU
	EndGlobalSection
	GlobalSection(SolutionProperties) = preSolution
		HideSolutionNode = FALSE
	EndGlobalSection
EndGlobal
